<?xml version="1.0" encoding="utf-8"?>
<Project ToolsVersion="4.0" xmlns="http://schemas.microsoft.com/developer/msbuild/2003">
  <ItemGroup>
    <Filter Include="소스 파일">
      <UniqueIdentifier>{4FC737F1-C7A5-4376-A066-2A32D752A2FF}</UniqueIdentifier>
      <Extensions>cpp;c;cc;cxx;c++;cppm;ixx;def;odl;idl;hpj;bat;asm;asmx</Extensions>
    </Filter>
    <Filter Include="헤더 파일">
      <UniqueIdentifier>{93995380-89BD-4b04-88EB-625FBE52EBFB}</UniqueIdentifier>
      <Extensions>h;hh;hpp;hxx;h++;hm;inl;inc;ipp;xsd</Extensions>
    </Filter>
    <Filter Include="리소스 파일">
      <UniqueIdentifier>{67DA6AB6-F800-4c08-8B7A-83BB121AAD01}</UniqueIdentifier>
      <Extensions>rc;ico;cur;bmp;dlg;rc2;rct;bin;rgs;gif;jpg;jpeg;jpe;resx;tiff;tif;png;wav;mfcribbon-ms</Extensions>
    </Filter>
    <Filter Include="소스 파일\HomeWork">
      <UniqueIdentifier>{95f1f857-a7a6-4c13-abec-3ffba72f571d}</UniqueIdentifier>
    </Filter>
    <Filter Include="소스 파일\Algorithm">
      <UniqueIdentifier>{1f9dd22c-42f5-4d19-9bd0-ef57fbe43b4e}</UniqueIdentifier>
    </Filter>
    <Filter Include="소스 파일\Algorithm\DFS">
      <UniqueIdentifier>{0f46e13c-700a-495e-a18a-c4299b198ca6}</UniqueIdentifier>
    </Filter>
    <Filter Include="소스 파일\Algorithm\BFS">
      <UniqueIdentifier>{aff73b78-d9b7-4356-935c-b57238ca3c4a}</UniqueIdentifier>
    </Filter>
    <Filter Include="소스 파일\Algorithm\Dijkstra">
      <UniqueIdentifier>{59a8eee1-f2ce-44d4-b9df-1cc8758dac5b}</UniqueIdentifier>
    </Filter>
    <Filter Include="소스 파일\ETC">
      <UniqueIdentifier>{f32c4f14-d5f5-43c2-b4c8-e2c21d79e795}</UniqueIdentifier>
    </Filter>
    <Filter Include="소스 파일\DataStructure">
      <UniqueIdentifier>{371cdf73-3cb5-4dce-b0d8-8fe2ba4e0152}</UniqueIdentifier>
    </Filter>
    <Filter Include="소스 파일\DataStructure\Stack">
      <UniqueIdentifier>{dfae042f-2914-456a-846e-28b79934a00e}</UniqueIdentifier>
    </Filter>
    <Filter Include="소스 파일\DataStructure\Queue">
      <UniqueIdentifier>{c71b007c-a6a9-43aa-9f32-68ef0cc93ed1}</UniqueIdentifier>
    </Filter>
    <Filter Include="소스 파일\Algorithm\Sort">
      <UniqueIdentifier>{3f29af0e-c0a6-4bd5-a9b9-c925096af134}</UniqueIdentifier>
    </Filter>
  </ItemGroup>
  <ItemGroup>
    <ClCompile Include="20230619.cpp">
      <Filter>소스 파일\HomeWork</Filter>
    </ClCompile>
    <ClCompile Include="20230620.cpp">
      <Filter>소스 파일\HomeWork</Filter>
    </ClCompile>
    <ClCompile Include="20230621.cpp">
      <Filter>소스 파일\HomeWork</Filter>
    </ClCompile>
    <ClCompile Include="20230622.cpp">
      <Filter>소스 파일\HomeWork</Filter>
    </ClCompile>
    <ClCompile Include="20231017.cpp">
      <Filter>소스 파일\HomeWork</Filter>
    </ClCompile>
    <ClCompile Include="20240103.cpp">
      <Filter>소스 파일\HomeWork</Filter>
    </ClCompile>
    <ClCompile Include="20240104.cpp">
      <Filter>소스 파일\HomeWork</Filter>
    </ClCompile>
    <ClCompile Include="20240105.cpp">
      <Filter>소스 파일\HomeWork</Filter>
    </ClCompile>
    <ClCompile Include="20240106.cpp">
      <Filter>소스 파일\HomeWork</Filter>
    </ClCompile>
    <ClCompile Include="20240107.cpp">
      <Filter>소스 파일\HomeWork</Filter>
    </ClCompile>
    <ClCompile Include="20240108.cpp">
      <Filter>소스 파일\HomeWork</Filter>
    </ClCompile>
    <ClCompile Include="20240109.cpp">
      <Filter>소스 파일\HomeWork</Filter>
    </ClCompile>
    <ClCompile Include="bj_11724.cpp">
      <Filter>소스 파일\Algorithm\DFS</Filter>
    </ClCompile>
    <ClCompile Include="20240110.cpp">
      <Filter>소스 파일\HomeWork</Filter>
    </ClCompile>
    <ClCompile Include="bj_2023.cpp">
      <Filter>소스 파일\Algorithm\DFS</Filter>
    </ClCompile>
    <ClCompile Include="bj_13023.cpp">
      <Filter>소스 파일\Algorithm\DFS</Filter>
    </ClCompile>
    <ClCompile Include="pg_dfs_1.cpp">
      <Filter>소스 파일\Algorithm\DFS</Filter>
    </ClCompile>
    <ClCompile Include="pg_dfs_2.cpp">
      <Filter>소스 파일\Algorithm\DFS</Filter>
    </ClCompile>
    <ClCompile Include="20240111.cpp">
      <Filter>소스 파일\HomeWork</Filter>
    </ClCompile>
    <ClCompile Include="pg_dfs_3.cpp">
      <Filter>소스 파일\Algorithm\DFS</Filter>
    </ClCompile>
    <ClCompile Include="20240112.cpp">
      <Filter>소스 파일\HomeWork</Filter>
    </ClCompile>
    <ClCompile Include="20240114.cpp">
      <Filter>소스 파일\HomeWork</Filter>
    </ClCompile>
    <ClCompile Include="bj1260.cpp">
      <Filter>소스 파일\Algorithm\BFS</Filter>
    </ClCompile>
    <ClCompile Include="bj2178.cpp">
      <Filter>소스 파일\Algorithm\BFS</Filter>
    </ClCompile>
    <ClCompile Include="bj1167.cpp">
      <Filter>소스 파일\Algorithm\BFS</Filter>
    </ClCompile>
    <ClCompile Include="pg_bfs_1.cpp">
      <Filter>소스 파일\Algorithm\BFS</Filter>
    </ClCompile>
    <ClCompile Include="20240115.cpp">
      <Filter>소스 파일\HomeWork</Filter>
    </ClCompile>
    <ClCompile Include="pg_dfs_4.cpp">
      <Filter>소스 파일\Algorithm\DFS</Filter>
    </ClCompile>
    <ClCompile Include="pg_bfs_2.cpp">
      <Filter>소스 파일\Algorithm\BFS</Filter>
    </ClCompile>
    <ClCompile Include="pg_dfs_5.cpp">
      <Filter>소스 파일\Algorithm\DFS</Filter>
    </ClCompile>
    <ClCompile Include="20240117.cpp">
      <Filter>소스 파일\HomeWork</Filter>
    </ClCompile>
    <ClCompile Include="20240119.cpp">
      <Filter>소스 파일\HomeWork</Filter>
    </ClCompile>
    <ClCompile Include="20240120.cpp">
      <Filter>소스 파일\HomeWork</Filter>
    </ClCompile>
    <ClCompile Include="20240121.cpp">
      <Filter>소스 파일\HomeWork</Filter>
    </ClCompile>
    <ClCompile Include="20240122.cpp">
      <Filter>소스 파일\HomeWork</Filter>
    </ClCompile>
    <ClCompile Include="bj1753.cpp">
      <Filter>소스 파일\Algorithm\Dijkstra</Filter>
    </ClCompile>
    <ClCompile Include="bj1916.cpp">
      <Filter>소스 파일\Algorithm\Dijkstra</Filter>
    </ClCompile>
    <ClCompile Include="CompareResizeFill.cpp">
      <Filter>소스 파일\ETC</Filter>
    </ClCompile>
    <ClCompile Include="bj1854.cpp">
      <Filter>소스 파일\Algorithm\Dijkstra</Filter>
    </ClCompile>
    <ClCompile Include="bj5719.cpp">
      <Filter>소스 파일\Algorithm\Dijkstra</Filter>
    </ClCompile>
    <ClCompile Include="bj_1874.cpp">
      <Filter>소스 파일\DataStructure\Stack</Filter>
    </ClCompile>
    <ClCompile Include="bj_17298.cpp">
      <Filter>소스 파일\DataStructure\Stack</Filter>
    </ClCompile>
    <ClCompile Include="bj_2164.cpp">
      <Filter>소스 파일\DataStructure\Queue</Filter>
    </ClCompile>
    <ClCompile Include="bj_11286.cpp">
      <Filter>소스 파일\DataStructure\Queue</Filter>
    </ClCompile>
    <ClCompile Include="pg_queue_1.cpp">
      <Filter>소스 파일\DataStructure\Queue</Filter>
    </ClCompile>
    <ClCompile Include="pg_queue_2.cpp">
      <Filter>소스 파일\DataStructure\Queue</Filter>
    </ClCompile>
    <ClCompile Include="pg_queue_3.cpp">
      <Filter>소스 파일\DataStructure\Queue</Filter>
    </ClCompile>
    <ClCompile Include="pg_queue_4.cpp">
      <Filter>소스 파일\DataStructure\Queue</Filter>
    </ClCompile>
    <ClCompile Include="pg_queue_5.cpp">
      <Filter>소스 파일\DataStructure\Queue</Filter>
    </ClCompile>
    <ClCompile Include="pg_queue_6.cpp">
      <Filter>소스 파일\DataStructure\Queue</Filter>
    </ClCompile>
    <ClCompile Include="bj_2750.cpp">
      <Filter>소스 파일\Algorithm\Sort</Filter>
    </ClCompile>
    <ClCompile Include="bj_1377.cpp">
      <Filter>소스 파일\Algorithm\Sort</Filter>
    </ClCompile>
    <ClCompile Include="bj_1427.cpp">
      <Filter>소스 파일\Algorithm\Sort</Filter>
    </ClCompile>
    <ClCompile Include="bj_11399.cpp">
      <Filter>소스 파일\Algorithm\Sort</Filter>
    </ClCompile>
  </ItemGroup>
</Project>